// !$*UTF8*$!
{
	archiveVersion = 1;
	classes = {
	};
	objectVersion = 51;
	objects = {

/* Begin PBXBuildFile section */
		678D266D268BF77D00EA26BA /* AppDelegate.swift in Sources */ = {isa = PBXBuildFile; fileRef = 678D266C268BF77D00EA26BA /* AppDelegate.swift */; };
		678D2676268BF78100EA26BA /* Assets.xcassets in Resources */ = {isa = PBXBuildFile; fileRef = 678D2675268BF78100EA26BA /* Assets.xcassets */; };
		678D2679268BF78100EA26BA /* LaunchScreen.storyboard in Resources */ = {isa = PBXBuildFile; fileRef = 678D2677268BF78100EA26BA /* LaunchScreen.storyboard */; };
		678D2687268BF97D00EA26BA /* SearchProductsPresenter.swift in Sources */ = {isa = PBXBuildFile; fileRef = 678D2681268BF97D00EA26BA /* SearchProductsPresenter.swift */; };
		678D2688268BF97D00EA26BA /* SearchProductsRouter.swift in Sources */ = {isa = PBXBuildFile; fileRef = 678D2682268BF97D00EA26BA /* SearchProductsRouter.swift */; };
		678D2689268BF97D00EA26BA /* SearchProductsViewController.swift in Sources */ = {isa = PBXBuildFile; fileRef = 678D2683268BF97D00EA26BA /* SearchProductsViewController.swift */; };
		678D268A268BF97D00EA26BA /* SearchProductsProtocols.swift in Sources */ = {isa = PBXBuildFile; fileRef = 678D2684268BF97D00EA26BA /* SearchProductsProtocols.swift */; };
		678D268B268BF97D00EA26BA /* SearchProductsInteractor.swift in Sources */ = {isa = PBXBuildFile; fileRef = 678D2685268BF97D00EA26BA /* SearchProductsInteractor.swift */; };
		678D268C268BF97D00EA26BA /* SearchProductsViewController.xib in Resources */ = {isa = PBXBuildFile; fileRef = 678D2686268BF97D00EA26BA /* SearchProductsViewController.xib */; };
		678D268F268BFC8400EA26BA /* Main.storyboard in Resources */ = {isa = PBXBuildFile; fileRef = 678D268D268BFC8400EA26BA /* Main.storyboard */; };
		678D2691268BFD1700EA26BA /* SearchProductsRemoteDataManager.swift in Sources */ = {isa = PBXBuildFile; fileRef = 678D2690268BFD1700EA26BA /* SearchProductsRemoteDataManager.swift */; };
		678D2696268C018B00EA26BA /* TagCollectionView.swift in Sources */ = {isa = PBXBuildFile; fileRef = 678D2695268C018B00EA26BA /* TagCollectionView.swift */; };
		678D2698268C01D000EA26BA /* ProductsCollectionView.swift in Sources */ = {isa = PBXBuildFile; fileRef = 678D2697268C01D000EA26BA /* ProductsCollectionView.swift */; };
		678D269B268C01F200EA26BA /* TagCollectionViewCell.swift in Sources */ = {isa = PBXBuildFile; fileRef = 678D2699268C01F200EA26BA /* TagCollectionViewCell.swift */; };
		678D269C268C01F200EA26BA /* TagCollectionViewCell.xib in Resources */ = {isa = PBXBuildFile; fileRef = 678D269A268C01F200EA26BA /* TagCollectionViewCell.xib */; };
		678D269F268C020300EA26BA /* ProductCollectionViewCell.swift in Sources */ = {isa = PBXBuildFile; fileRef = 678D269D268C020300EA26BA /* ProductCollectionViewCell.swift */; };
		678D26A0268C020300EA26BA /* ProductCollectionViewCell.xib in Resources */ = {isa = PBXBuildFile; fileRef = 678D269E268C020300EA26BA /* ProductCollectionViewCell.xib */; };
		678D26A2268C0D5C00EA26BA /* ProductsEntity.swift in Sources */ = {isa = PBXBuildFile; fileRef = 678D26A1268C0D5C00EA26BA /* ProductsEntity.swift */; };
		CD7662DEC6EBBE959EEE7BCF /* Pods_examen.framework in Frameworks */ = {isa = PBXBuildFile; fileRef = 1301F0F4139F00B6F4BF1DD6 /* Pods_examen.framework */; };
/* End PBXBuildFile section */

/* Begin PBXFileReference section */
		03C41E619F91B06515CE3136 /* Pods-examen.release.xcconfig */ = {isa = PBXFileReference; includeInIndex = 1; lastKnownFileType = text.xcconfig; name = "Pods-examen.release.xcconfig"; path = "Target Support Files/Pods-examen/Pods-examen.release.xcconfig"; sourceTree = "<group>"; };
		1301F0F4139F00B6F4BF1DD6 /* Pods_examen.framework */ = {isa = PBXFileReference; explicitFileType = wrapper.framework; includeInIndex = 0; path = Pods_examen.framework; sourceTree = BUILT_PRODUCTS_DIR; };
		678D2669268BF77D00EA26BA /* examen.app */ = {isa = PBXFileReference; explicitFileType = wrapper.application; includeInIndex = 0; path = examen.app; sourceTree = BUILT_PRODUCTS_DIR; };
		678D266C268BF77D00EA26BA /* AppDelegate.swift */ = {isa = PBXFileReference; lastKnownFileType = sourcecode.swift; path = AppDelegate.swift; sourceTree = "<group>"; };
		678D2675268BF78100EA26BA /* Assets.xcassets */ = {isa = PBXFileReference; lastKnownFileType = folder.assetcatalog; path = Assets.xcassets; sourceTree = "<group>"; };
		678D2678268BF78100EA26BA /* Base */ = {isa = PBXFileReference; lastKnownFileType = file.storyboard; name = Base; path = Base.lproj/LaunchScreen.storyboard; sourceTree = "<group>"; };
		678D267A268BF78100EA26BA /* Info.plist */ = {isa = PBXFileReference; lastKnownFileType = text.plist.xml; path = Info.plist; sourceTree = "<group>"; };
		678D2681268BF97D00EA26BA /* SearchProductsPresenter.swift */ = {isa = PBXFileReference; lastKnownFileType = sourcecode.swift; path = SearchProductsPresenter.swift; sourceTree = "<group>"; };
		678D2682268BF97D00EA26BA /* SearchProductsRouter.swift */ = {isa = PBXFileReference; lastKnownFileType = sourcecode.swift; path = SearchProductsRouter.swift; sourceTree = "<group>"; };
		678D2683268BF97D00EA26BA /* SearchProductsViewController.swift */ = {isa = PBXFileReference; lastKnownFileType = sourcecode.swift; path = SearchProductsViewController.swift; sourceTree = "<group>"; };
		678D2684268BF97D00EA26BA /* SearchProductsProtocols.swift */ = {isa = PBXFileReference; lastKnownFileType = sourcecode.swift; path = SearchProductsProtocols.swift; sourceTree = "<group>"; };
		678D2685268BF97D00EA26BA /* SearchProductsInteractor.swift */ = {isa = PBXFileReference; lastKnownFileType = sourcecode.swift; path = SearchProductsInteractor.swift; sourceTree = "<group>"; };
		678D2686268BF97D00EA26BA /* SearchProductsViewController.xib */ = {isa = PBXFileReference; lastKnownFileType = file.xib; path = SearchProductsViewController.xib; sourceTree = "<group>"; };
		678D268E268BFC8400EA26BA /* Base */ = {isa = PBXFileReference; lastKnownFileType = file.storyboard; name = Base; path = Base.lproj/Main.storyboard; sourceTree = "<group>"; };
		678D2690268BFD1700EA26BA /* SearchProductsRemoteDataManager.swift */ = {isa = PBXFileReference; lastKnownFileType = sourcecode.swift; path = SearchProductsRemoteDataManager.swift; sourceTree = "<group>"; };
		678D2695268C018B00EA26BA /* TagCollectionView.swift */ = {isa = PBXFileReference; lastKnownFileType = sourcecode.swift; path = TagCollectionView.swift; sourceTree = "<group>"; };
		678D2697268C01D000EA26BA /* ProductsCollectionView.swift */ = {isa = PBXFileReference; lastKnownFileType = sourcecode.swift; path = ProductsCollectionView.swift; sourceTree = "<group>"; };
		678D2699268C01F200EA26BA /* TagCollectionViewCell.swift */ = {isa = PBXFileReference; lastKnownFileType = sourcecode.swift; path = TagCollectionViewCell.swift; sourceTree = "<group>"; };
		678D269A268C01F200EA26BA /* TagCollectionViewCell.xib */ = {isa = PBXFileReference; lastKnownFileType = file.xib; path = TagCollectionViewCell.xib; sourceTree = "<group>"; };
		678D269D268C020300EA26BA /* ProductCollectionViewCell.swift */ = {isa = PBXFileReference; lastKnownFileType = sourcecode.swift; path = ProductCollectionViewCell.swift; sourceTree = "<group>"; };
		678D269E268C020300EA26BA /* ProductCollectionViewCell.xib */ = {isa = PBXFileReference; lastKnownFileType = file.xib; path = ProductCollectionViewCell.xib; sourceTree = "<group>"; };
		678D26A1268C0D5C00EA26BA /* ProductsEntity.swift */ = {isa = PBXFileReference; lastKnownFileType = sourcecode.swift; path = ProductsEntity.swift; sourceTree = "<group>"; };
		7890E9A15D144E10B7DF1949 /* Pods-examen.debug.xcconfig */ = {isa = PBXFileReference; includeInIndex = 1; lastKnownFileType = text.xcconfig; name = "Pods-examen.debug.xcconfig"; path = "Target Support Files/Pods-examen/Pods-examen.debug.xcconfig"; sourceTree = "<group>"; };
/* End PBXFileReference section */

/* Begin PBXFrameworksBuildPhase section */
		678D2666268BF77D00EA26BA /* Frameworks */ = {
			isa = PBXFrameworksBuildPhase;
			buildActionMask = 2147483647;
			files = (
				CD7662DEC6EBBE959EEE7BCF /* Pods_examen.framework in Frameworks */,
			);
			runOnlyForDeploymentPostprocessing = 0;
		};
/* End PBXFrameworksBuildPhase section */

/* Begin PBXGroup section */
		0BC17EF15441D6B962BBD14A /* Pods */ = {
			isa = PBXGroup;
			children = (
				7890E9A15D144E10B7DF1949 /* Pods-examen.debug.xcconfig */,
				03C41E619F91B06515CE3136 /* Pods-examen.release.xcconfig */,
			);
			path = Pods;
			sourceTree = "<group>";
		};
		280D34FEA49155EC4CBAA9ED /* Frameworks */ = {
			isa = PBXGroup;
			children = (
				1301F0F4139F00B6F4BF1DD6 /* Pods_examen.framework */,
			);
			name = Frameworks;
			sourceTree = "<group>";
		};
		678D2660268BF77D00EA26BA = {
			isa = PBXGroup;
			children = (
				678D266B268BF77D00EA26BA /* examen */,
				678D266A268BF77D00EA26BA /* Products */,
				0BC17EF15441D6B962BBD14A /* Pods */,
				280D34FEA49155EC4CBAA9ED /* Frameworks */,
			);
			sourceTree = "<group>";
		};
		678D266A268BF77D00EA26BA /* Products */ = {
			isa = PBXGroup;
			children = (
				678D2669268BF77D00EA26BA /* examen.app */,
			);
			name = Products;
			sourceTree = "<group>";
		};
		678D266B268BF77D00EA26BA /* examen */ = {
			isa = PBXGroup;
			children = (
				678D2692268C00F100EA26BA /* Utils */,
				678D268D268BFC8400EA26BA /* Main.storyboard */,
				678D2680268BF95700EA26BA /* SearchProducts */,
				678D266C268BF77D00EA26BA /* AppDelegate.swift */,
				678D2675268BF78100EA26BA /* Assets.xcassets */,
				678D2677268BF78100EA26BA /* LaunchScreen.storyboard */,
				678D267A268BF78100EA26BA /* Info.plist */,
			);
			path = examen;
			sourceTree = "<group>";
		};
		678D2680268BF95700EA26BA /* SearchProducts */ = {
			isa = PBXGroup;
			children = (
				678D2681268BF97D00EA26BA /* SearchProductsPresenter.swift */,
				678D2682268BF97D00EA26BA /* SearchProductsRouter.swift */,
				678D2683268BF97D00EA26BA /* SearchProductsViewController.swift */,
				678D2684268BF97D00EA26BA /* SearchProductsProtocols.swift */,
				678D2685268BF97D00EA26BA /* SearchProductsInteractor.swift */,
				678D2686268BF97D00EA26BA /* SearchProductsViewController.xib */,
				678D2690268BFD1700EA26BA /* SearchProductsRemoteDataManager.swift */,
			);
			path = SearchProducts;
			sourceTree = "<group>";
		};
		678D2692268C00F100EA26BA /* Utils */ = {
			isa = PBXGroup;
			children = (
				678D2695268C018B00EA26BA /* TagCollectionView.swift */,
				678D2697268C01D000EA26BA /* ProductsCollectionView.swift */,
				678D2699268C01F200EA26BA /* TagCollectionViewCell.swift */,
				678D269A268C01F200EA26BA /* TagCollectionViewCell.xib */,
				678D269D268C020300EA26BA /* ProductCollectionViewCell.swift */,
				678D269E268C020300EA26BA /* ProductCollectionViewCell.xib */,
				678D26A1268C0D5C00EA26BA /* ProductsEntity.swift */,
			);
			path = Utils;
			sourceTree = "<group>";
		};
/* End PBXGroup section */

/* Begin PBXNativeTarget section */
		678D2668268BF77D00EA26BA /* examen */ = {
			isa = PBXNativeTarget;
			buildConfigurationList = 678D267D268BF78100EA26BA /* Build configuration list for PBXNativeTarget "examen" */;
			buildPhases = (
				E2C5B9395B6DE165A84781AB /* [CP] Check Pods Manifest.lock */,
				678D2665268BF77D00EA26BA /* Sources */,
				678D2666268BF77D00EA26BA /* Frameworks */,
				678D2667268BF77D00EA26BA /* Resources */,
				FDD99665484E10F550844689 /* [CP] Embed Pods Frameworks */,
			);
			buildRules = (
			);
			dependencies = (
			);
			name = examen;
			productName = examen;
			productReference = 678D2669268BF77D00EA26BA /* examen.app */;
			productType = "com.apple.product-type.application";
		};
/* End PBXNativeTarget section */

/* Begin PBXProject section */
		678D2661268BF77D00EA26BA /* Project object */ = {
			isa = PBXProject;
			attributes = {
				LastSwiftUpdateCheck = 1250;
				LastUpgradeCheck = 1250;
				TargetAttributes = {
					678D2668268BF77D00EA26BA = {
						CreatedOnToolsVersion = 12.5.1;
					};
				};
			};
			buildConfigurationList = 678D2664268BF77D00EA26BA /* Build configuration list for PBXProject "examen" */;
			compatibilityVersion = "Xcode 9.3";
			developmentRegion = en;
			hasScannedForEncodings = 0;
			knownRegions = (
				en,
				Base,
			);
			mainGroup = 678D2660268BF77D00EA26BA;
			productRefGroup = 678D266A268BF77D00EA26BA /* Products */;
			projectDirPath = "";
			projectRoot = "";
			targets = (
				678D2668268BF77D00EA26BA /* examen */,
			);
		};
/* End PBXProject section */

/* Begin PBXResourcesBuildPhase section */
		678D2667268BF77D00EA26BA /* Resources */ = {
			isa = PBXResourcesBuildPhase;
			buildActionMask = 2147483647;
			files = (
				678D268C268BF97D00EA26BA /* SearchProductsViewController.xib in Resources */,
				678D2679268BF78100EA26BA /* LaunchScreen.storyboard in Resources */,
				678D26A0268C020300EA26BA /* ProductCollectionViewCell.xib in Resources */,
				678D269C268C01F200EA26BA /* TagCollectionViewCell.xib in Resources */,
				678D2676268BF78100EA26BA /* Assets.xcassets in Resources */,
				678D268F268BFC8400EA26BA /* Main.storyboard in Resources */,
			);
			runOnlyForDeploymentPostprocessing = 0;
		};
/* End PBXResourcesBuildPhase section */

/* Begin PBXShellScriptBuildPhase section */
		E2C5B9395B6DE165A84781AB /* [CP] Check Pods Manifest.lock */ = {
			isa = PBXShellScriptBuildPhase;
			buildActionMask = 2147483647;
			files = (
			);
			inputFileListPaths = (
			);
			inputPaths = (
				"${PODS_PODFILE_DIR_PATH}/Podfile.lock",
				"${PODS_ROOT}/Manifest.lock",
			);
			name = "[CP] Check Pods Manifest.lock";
			outputFileListPaths = (
			);
			outputPaths = (
				"$(DERIVED_FILE_DIR)/Pods-examen-checkManifestLockResult.txt",
			);
			runOnlyForDeploymentPostprocessing = 0;
			shellPath = /bin/sh;
			shellScript = "diff \"${PODS_PODFILE_DIR_PATH}/Podfile.lock\" \"${PODS_ROOT}/Manifest.lock\" > /dev/null\nif [ $? != 0 ] ; then\n    # print error to STDERR\n    echo \"error: The sandbox is not in sync with the Podfile.lock. Run 'pod install' or update your CocoaPods installation.\" >&2\n    exit 1\nfi\n# This output is used by Xcode 'outputs' to avoid re-running this script phase.\necho \"SUCCESS\" > \"${SCRIPT_OUTPUT_FILE_0}\"\n";
			showEnvVarsInLog = 0;
		};
		FDD99665484E10F550844689 /* [CP] Embed Pods Frameworks */ = {
			isa = PBXShellScriptBuildPhase;
			buildActionMask = 2147483647;
			files = (
			);
			inputFileListPaths = (
				"${PODS_ROOT}/Target Support Files/Pods-examen/Pods-examen-frameworks-${CONFIGURATION}-input-files.xcfilelist",
			);
			name = "[CP] Embed Pods Frameworks";
			outputFileListPaths = (
				"${PODS_ROOT}/Target Support Files/Pods-examen/Pods-examen-frameworks-${CONFIGURATION}-output-files.xcfilelist",
			);
			runOnlyForDeploymentPostprocessing = 0;
			shellPath = /bin/sh;
			shellScript = "\"${PODS_ROOT}/Target Support Files/Pods-examen/Pods-examen-frameworks.sh\"\n";
			showEnvVarsInLog = 0;
		};
/* End PBXShellScriptBuildPhase section */

/* Begin PBXSourcesBuildPhase section */
		678D2665268BF77D00EA26BA /* Sources */ = {
			isa = PBXSourcesBuildPhase;
			buildActionMask = 2147483647;
			files = (
				678D2688268BF97D00EA26BA /* SearchProductsRouter.swift in Sources */,
				678D2691268BFD1700EA26BA /* SearchProductsRemoteDataManager.swift in Sources */,
				678D269F268C020300EA26BA /* ProductCollectionViewCell.swift in Sources */,
				678D266D268BF77D00EA26BA /* AppDelegate.swift in Sources */,
				678D26A2268C0D5C00EA26BA /* ProductsEntity.swift in Sources */,
				678D2687268BF97D00EA26BA /* SearchProductsPresenter.swift in Sources */,
				678D2698268C01D000EA26BA /* ProductsCollectionView.swift in Sources */,
				678D2689268BF97D00EA26BA /* SearchProductsViewController.swift in Sources */,
				678D2696268C018B00EA26BA /* TagCollectionView.swift in Sources */,
				678D269B268C01F200EA26BA /* TagCollectionViewCell.swift in Sources */,
				678D268A268BF97D00EA26BA /* SearchProductsProtocols.swift in Sources */,
				678D268B268BF97D00EA26BA /* SearchProductsInteractor.swift in Sources */,
			);
			runOnlyForDeploymentPostprocessing = 0;
		};
/* End PBXSourcesBuildPhase section */

/* Begin PBXVariantGroup section */
		678D2677268BF78100EA26BA /* LaunchScreen.storyboard */ = {
			isa = PBXVariantGroup;
			children = (
				678D2678268BF78100EA26BA /* Base */,
			);
			name = LaunchScreen.storyboard;
			sourceTree = "<group>";
		};
		678D268D268BFC8400EA26BA /* Main.storyboard */ = {
			isa = PBXVariantGroup;
			children = (
				678D268E268BFC8400EA26BA /* Base */,
			);
			name = Main.storyboard;
			sourceTree = "<group>";
		};
/* End PBXVariantGroup section */

/* Begin XCBuildConfiguration section */
		678D267B268BF78100EA26BA /* Debug */ = {
			isa = XCBuildConfiguration;
			buildSettings = {
				ALWAYS_SEARCH_USER_PATHS = NO;
				CLANG_ANALYZER_NONNULL = YES;
				CLANG_ANALYZER_NUMBER_OBJECT_CONVERSION = YES_AGGRESSIVE;
				CLANG_CXX_LANGUAGE_STANDARD = "gnu++14";
				CLANG_CXX_LIBRARY = "libc++";
				CLANG_ENABLE_MODULES = YES;
				CLANG_ENABLE_OBJC_ARC = YES;
				CLANG_ENABLE_OBJC_WEAK = YES;
				CLANG_WARN_BLOCK_CAPTURE_AUTORELEASING = YES;
				CLANG_WARN_BOOL_CONVERSION = YES;
				CLANG_WARN_COMMA = YES;
				CLANG_WARN_CONSTANT_CONVERSION = YES;
				CLANG_WARN_DEPRECATED_OBJC_IMPLEMENTATIONS = YES;
				CLANG_WARN_DIRECT_OBJC_ISA_USAGE = YES_ERROR;
				CLANG_WARN_DOCUMENTATION_COMMENTS = YES;
				CLANG_WARN_EMPTY_BODY = YES;
				CLANG_WARN_ENUM_CONVERSION = YES;
				CLANG_WARN_INFINITE_RECURSION = YES;
				CLANG_WARN_INT_CONVERSION = YES;
				CLANG_WARN_NON_LITERAL_NULL_CONVERSION = YES;
				CLANG_WARN_OBJC_IMPLICIT_RETAIN_SELF = YES;
				CLANG_WARN_OBJC_LITERAL_CONVERSION = YES;
				CLANG_WARN_OBJC_ROOT_CLASS = YES_ERROR;
				CLANG_WARN_QUOTED_INCLUDE_IN_FRAMEWORK_HEADER = YES;
				CLANG_WARN_RANGE_LOOP_ANALYSIS = YES;
				CLANG_WARN_STRICT_PROTOTYPES = YES;
				CLANG_WARN_SUSPICIOUS_MOVE = YES;
				CLANG_WARN_UNGUARDED_AVAILABILITY = YES_AGGRESSIVE;
				CLANG_WARN_UNREACHABLE_CODE = YES;
				CLANG_WARN__DUPLICATE_METHOD_MATCH = YES;
				COPY_PHASE_STRIP = NO;
				DEBUG_INFORMATION_FORMAT = dwarf;
				ENABLE_STRICT_OBJC_MSGSEND = YES;
				ENABLE_TESTABILITY = YES;
				GCC_C_LANGUAGE_STANDARD = gnu11;
				GCC_DYNAMIC_NO_PIC = NO;
				GCC_NO_COMMON_BLOCKS = YES;
				GCC_OPTIMIZATION_LEVEL = 0;
				GCC_PREPROCESSOR_DEFINITIONS = (
					"DEBUG=1",
					"$(inherited)",
				);
				GCC_WARN_64_TO_32_BIT_CONVERSION = YES;
				GCC_WARN_ABOUT_RETURN_TYPE = YES_ERROR;
				GCC_WARN_UNDECLARED_SELECTOR = YES;
				GCC_WARN_UNINITIALIZED_AUTOS = YES_AGGRESSIVE;
				GCC_WARN_UNUSED_FUNCTION = YES;
				GCC_WARN_UNUSED_VARIABLE = YES;
				IPHONEOS_DEPLOYMENT_TARGET = 14.5;
				MTL_ENABLE_DEBUG_INFO = INCLUDE_SOURCE;
				MTL_FAST_MATH = YES;
				ONLY_ACTIVE_ARCH = YES;
				SDKROOT = iphoneos;
				SWIFT_ACTIVE_COMPILATION_CONDITIONS = DEBUG;
				SWIFT_OPTIMIZATION_LEVEL = "-Onone";
			};
			name = Debug;
		};
		678D267C268BF78100EA26BA /* Release */ = {
			isa = XCBuildConfiguration;
			buildSettings = {
				ALWAYS_SEARCH_USER_PATHS = NO;
				CLANG_ANALYZER_NONNULL = YES;
				CLANG_ANALYZER_NUMBER_OBJECT_CONVERSION = YES_AGGRESSIVE;
				CLANG_CXX_LANGUAGE_STANDARD = "gnu++14";
				CLANG_CXX_LIBRARY = "libc++";
				CLANG_ENABLE_MODULES = YES;
				CLANG_ENABLE_OBJC_ARC = YES;
				CLANG_ENABLE_OBJC_WEAK = YES;
				CLANG_WARN_BLOCK_CAPTURE_AUTORELEASING = YES;
				CLANG_WARN_BOOL_CONVERSION = YES;
				CLANG_WARN_COMMA = YES;
				CLANG_WARN_CONSTANT_CONVERSION = YES;
				CLANG_WARN_DEPRECATED_OBJC_IMPLEMENTATIONS = YES;
				CLANG_WARN_DIRECT_OBJC_ISA_USAGE = YES_ERROR;
				CLANG_WARN_DOCUMENTATION_COMMENTS = YES;
				CLANG_WARN_EMPTY_BODY = YES;
				CLANG_WARN_ENUM_CONVERSION = YES;
				CLANG_WARN_INFINITE_RECURSION = YES;
				CLANG_WARN_INT_CONVERSION = YES;
				CLANG_WARN_NON_LITERAL_NULL_CONVERSION = YES;
				CLANG_WARN_OBJC_IMPLICIT_RETAIN_SELF = YES;
				CLANG_WARN_OBJC_LITERAL_CONVERSION = YES;
				CLANG_WARN_OBJC_ROOT_CLASS = YES_ERROR;
				CLANG_WARN_QUOTED_INCLUDE_IN_FRAMEWORK_HEADER = YES;
				CLANG_WARN_RANGE_LOOP_ANALYSIS = YES;
				CLANG_WARN_STRICT_PROTOTYPES = YES;
				CLANG_WARN_SUSPICIOUS_MOVE = YES;
				CLANG_WARN_UNGUARDED_AVAILABILITY = YES_AGGRESSIVE;
				CLANG_WARN_UNREACHABLE_CODE = YES;
				CLANG_WARN__DUPLICATE_METHOD_MATCH = YES;
				COPY_PHASE_STRIP = NO;
				DEBUG_INFORMATION_FORMAT = "dwarf-with-dsym";
				ENABLE_NS_ASSERTIONS = NO;
				ENABLE_STRICT_OBJC_MSGSEND = YES;
				GCC_C_LANGUAGE_STANDARD = gnu11;
				GCC_NO_COMMON_BLOCKS = YES;
				GCC_WARN_64_TO_32_BIT_CONVERSION = YES;
				GCC_WARN_ABOUT_RETURN_TYPE = YES_ERROR;
				GCC_WARN_UNDECLARED_SELECTOR = YES;
				GCC_WARN_UNINITIALIZED_AUTOS = YES_AGGRESSIVE;
				GCC_WARN_UNUSED_FUNCTION = YES;
				GCC_WARN_UNUSED_VARIABLE = YES;
				IPHONEOS_DEPLOYMENT_TARGET = 14.5;
				MTL_ENABLE_DEBUG_INFO = NO;
				MTL_FAST_MATH = YES;
				SDKROOT = iphoneos;
				SWIFT_COMPILATION_MODE = wholemodule;
				SWIFT_OPTIMIZATION_LEVEL = "-O";
				VALIDATE_PRODUCT = YES;
			};
			name = Release;
		};
		678D267E268BF78100EA26BA /* Debug */ = {
			isa = XCBuildConfiguration;
			baseConfigurationReference = 7890E9A15D144E10B7DF1949 /* Pods-examen.debug.xcconfig */;
			buildSettings = {
				ASSETCATALOG_COMPILER_APPICON_NAME = AppIcon;
				ASSETCATALOG_COMPILER_GLOBAL_ACCENT_COLOR_NAME = AccentColor;
				CODE_SIGN_STYLE = Automatic;
				DEVELOPMENT_TEAM = H27YCU5AZR;
				INFOPLIST_FILE = examen/Info.plist;
				IPHONEOS_DEPLOYMENT_TARGET = 13.0;
				LD_RUNPATH_SEARCH_PATHS = (
					"$(inherited)",
					"@executable_path/Frameworks",
				);
				PRODUCT_BUNDLE_IDENTIFIER = com.example.examen;
				PRODUCT_NAME = "$(TARGET_NAME)";
				SWIFT_VERSION = 5.0;
				TARGETED_DEVICE_FAMILY = "1,2";
			};
			name = Debug;
		};
		678D267F268BF78100EA26BA /* Release */ = {
			isa = XCBuildConfiguration;
			baseConfigurationReference = 03C41E619F91B06515CE3136 /* Pods-examen.release.xcconfig */;
			buildSettings = {
				ASSETCATALOG_COMPILER_APPICON_NAME = AppIcon;
				ASSETCATALOG_COMPILER_GLOBAL_ACCENT_COLOR_NAME = AccentColor;
				CODE_SIGN_STYLE = Automatic;
				DEVELOPMENT_TEAM = H27YCU5AZR;
				INFOPLIST_FILE = examen/Info.plist;
				IPHONEOS_DEPLOYMENT_TARGET = 13.0;
				LD_RUNPATH_SEARCH_PATHS = (
					"$(inherited)",
					"@executable_path/Frameworks",
				);
				PRODUCT_BUNDLE_IDENTIFIER = com.example.examen;
				PRODUCT_NAME = "$(TARGET_NAME)";
				SWIFT_VERSION = 5.0;
				TARGETED_DEVICE_FAMILY = "1,2";
			};
			name = Release;
		};
/* End XCBuildConfiguration section */

/* Begin XCConfigurationList section */
		678D2664268BF77D00EA26BA /* Build configuration list for PBXProject "examen" */ = {
			isa = XCConfigurationList;
			buildConfigurations = (
				678D267B268BF78100EA26BA /* Debug */,
				678D267C268BF78100EA26BA /* Release */,
			);
			defaultConfigurationIsVisible = 0;
			defaultConfigurationName = Release;
		};
		678D267D268BF78100EA26BA /* Build configuration list for PBXNativeTarget "examen" */ = {
			isa = XCConfigurationList;
			buildConfigurations = (
				678D267E268BF78100EA26BA /* Debug */,
				678D267F268BF78100EA26BA /* Release */,
			);
			defaultConfigurationIsVisible = 0;
			defaultConfigurationName = Release;
		};
/* End XCConfigurationList section */
	};
	rootObject = 678D2661268BF77D00EA26BA /* Project object */;
}
